
Microsoft Visual Studio Solution File, Format Version 12.00
# Visual Studio Version 16
VisualStudioVersion = 16.0.32901.82
MinimumVisualStudioVersion = 10.0.40219.1
Project("{8BC9CEB8-8B4A-11D0-8D11-00A0C91BC942}") = "programa prueba 1", "programa prueba 1\programa prueba 1.vcxproj", "{DAFF4EBA-CAAF-40BC-A2C9-FBD851FEFB44}"
EndProject
Global
	GlobalSection(SolutionConfigurationPlatforms) = preSolution
		Debug|x64 = Debug|x64
		Debug|x86 = Debug|x86
		Release|x64 = Release|x64
		Release|x86 = Release|x86
	EndGlobalSection
	GlobalSection(ProjectConfigurationPlatforms) = postSolution
		{DAFF4EBA-CAAF-40BC-A2C9-FBD851FEFB44}.Debug|x64.ActiveCfg = Debug|x64
		{DAFF4EBA-CAAF-40BC-A2C9-FBD851FEFB44}.Debug|x64.Build.0 = Debug|x64
		{DAFF4EBA-CAAF-40BC-A2C9-FBD851FEFB44}.Debug|x86.ActiveCfg = Debug|Win32
		{DAFF4EBA-CAAF-40BC-A2C9-FBD851FEFB44}.Debug|x86.Build.0 = Debug|Win32
		{DAFF4EBA-CAAF-40BC-A2C9-FBD851FEFB44}.Release|x64.ActiveCfg = Release|x64
		{DAFF4EBA-CAAF-40BC-A2C9-FBD851FEFB44}.Release|x64.Build.0 = Release|x64
		{DAFF4EBA-CAAF-40BC-A2C9-FBD851FEFB44}.Release|x86.ActiveCfg = Release|Win32
		{DAFF4EBA-CAAF-40BC-A2C9-FBD851FEFB44}.Release|x86.Build.0 = Release|Win32
	EndGlobalSection
	GlobalSection(SolutionProperties) = preSolution
		HideSolutionNode = FALSE
	EndGlobalSection
	GlobalSection(ExtensibilityGlobals) = postSolution
		SolutionGuid = {0CA5019B-D643-4195-B379-1DC1A08DD25A}
	EndGlobalSection
EndGlobal
